<Solution>
  <Project Path="ForgePLM.Administrator/ForgePLM.Administrator.csproj" Id="51fe2684-5ee4-402f-8d95-c4b924e2576e">
    <BuildDependency Project="ForgePLM.Contracts/ForgePLM.Contracts.csproj" />
  </Project>
  <Project Path="ForgePLM.Contracts/ForgePLM.Contracts.csproj" Id="04aba646-7d1d-49d5-ab09-d5bd0fd111ad" />
</Solution>
